# This file is automatically @generated by Cargo.
# It is not intended for manual editing.
version = 4

[[package]]
name = "tsc-collections"
version = "0.0.0"

[[package]]
name = "tsc-core"
version = "0.0.0"

[[package]]
name = "tsc-debug"
version = "0.0.0"

[[package]]
name = "tsc-diagnostics"
version = "0.0.0"

[[package]]
name = "tsc-glob"
version = "0.0.0"

[[package]]
name = "tsc-jsnum"
version = "0.0.0"

[[package]]
name = "tsc-json"
version = "0.0.0"

[[package]]
name = "tsc-locale"
version = "0.0.0"

[[package]]
name = "tsc-nativepath"
version = "0.0.0"

[[package]]
name = "tsc-osutil"
version = "0.0.0"

[[package]]
name = "tsc-packagejson"
version = "0.0.0"

[[package]]
name = "tsc-repo"
version = "0.0.0"

[[package]]
name = "tsc-semver"
version = "0.0.0"

[[package]]
name = "tsc-spanmap"
version = "0.0.0"

[[package]]
name = "tsc-stringutil"
version = "0.0.0"

[[package]]
name = "tsc-tspath"
version = "0.0.0"

[[package]]
name = "tsc-vfs"
version = "0.0.0"
